
Microsoft Visual Studio Solution File, Format Version 12.00
# Visual Studio Version 17
VisualStudioVersion = 17.0.31903.59
MinimumVisualStudioVersion = 10.0.40219.1
Project("{9A19103F-16F7-4668-BE54-9A1E7A4F7556}") = "CepApi.Domain", "CepApi.Domain\CepApi.Domain.csproj", "{76CBB46D-9011-49EA-9E98-B212C87B3856}"
EndProject
Project("{9A19103F-16F7-4668-BE54-9A1E7A4F7556}") = "CepApi.Domain.Infra", "CepApi.Domain.Infra\CepApi.Domain.Infra.csproj", "{B42A0EF4-E0C6-4F96-86DE-A7DB4AE8B232}"
EndProject
Project("{9A19103F-16F7-4668-BE54-9A1E7A4F7556}") = "CepApi.Domain.Api", "CepApi.Domain.Api\CepApi.Domain.Api.csproj", "{600EC4AC-990D-43C8-8557-22E228753C22}"
EndProject
Project("{FAE04EC0-301F-11D3-BF4B-00C04F79EFBC}") = "CepApi.Domain.Shared", "CepApi.Domain.Shared\CepApi.Domain.Shared.csproj", "{7123174A-3769-436B-877B-A6E987003C01}"
EndProject
Global
	GlobalSection(SolutionConfigurationPlatforms) = preSolution
		Debug|Any CPU = Debug|Any CPU
		Release|Any CPU = Release|Any CPU
	EndGlobalSection
	GlobalSection(ProjectConfigurationPlatforms) = postSolution
		{76CBB46D-9011-49EA-9E98-B212C87B3856}.Debug|Any CPU.ActiveCfg = Debug|Any CPU
		{76CBB46D-9011-49EA-9E98-B212C87B3856}.Debug|Any CPU.Build.0 = Debug|Any CPU
		{76CBB46D-9011-49EA-9E98-B212C87B3856}.Release|Any CPU.ActiveCfg = Release|Any CPU
		{76CBB46D-9011-49EA-9E98-B212C87B3856}.Release|Any CPU.Build.0 = Release|Any CPU
		{B42A0EF4-E0C6-4F96-86DE-A7DB4AE8B232}.Debug|Any CPU.ActiveCfg = Debug|Any CPU
		{B42A0EF4-E0C6-4F96-86DE-A7DB4AE8B232}.Debug|Any CPU.Build.0 = Debug|Any CPU
		{B42A0EF4-E0C6-4F96-86DE-A7DB4AE8B232}.Release|Any CPU.ActiveCfg = Release|Any CPU
		{B42A0EF4-E0C6-4F96-86DE-A7DB4AE8B232}.Release|Any CPU.Build.0 = Release|Any CPU
		{600EC4AC-990D-43C8-8557-22E228753C22}.Debug|Any CPU.ActiveCfg = Debug|Any CPU
		{600EC4AC-990D-43C8-8557-22E228753C22}.Debug|Any CPU.Build.0 = Debug|Any CPU
		{600EC4AC-990D-43C8-8557-22E228753C22}.Release|Any CPU.ActiveCfg = Release|Any CPU
		{600EC4AC-990D-43C8-8557-22E228753C22}.Release|Any CPU.Build.0 = Release|Any CPU
		{37573DE7-9E8E-465A-BD2A-738BF4EFA129}.Debug|Any CPU.ActiveCfg = Debug|Any CPU
		{37573DE7-9E8E-465A-BD2A-738BF4EFA129}.Debug|Any CPU.Build.0 = Debug|Any CPU
		{37573DE7-9E8E-465A-BD2A-738BF4EFA129}.Release|Any CPU.ActiveCfg = Release|Any CPU
		{37573DE7-9E8E-465A-BD2A-738BF4EFA129}.Release|Any CPU.Build.0 = Release|Any CPU
		{7123174A-3769-436B-877B-A6E987003C01}.Debug|Any CPU.ActiveCfg = Debug|Any CPU
		{7123174A-3769-436B-877B-A6E987003C01}.Debug|Any CPU.Build.0 = Debug|Any CPU
		{7123174A-3769-436B-877B-A6E987003C01}.Release|Any CPU.ActiveCfg = Release|Any CPU
		{7123174A-3769-436B-877B-A6E987003C01}.Release|Any CPU.Build.0 = Release|Any CPU
	EndGlobalSection
	GlobalSection(SolutionProperties) = preSolution
		HideSolutionNode = FALSE
	EndGlobalSection
	GlobalSection(ExtensibilityGlobals) = postSolution
		SolutionGuid = {15B3B2A4-C992-4FB7-B86E-D9BF6E9BEF7C}
	EndGlobalSection
EndGlobal
